
Microsoft Visual Studio Solution File, Format Version 12.00
# Visual Studio Version 17
VisualStudioVersion = 17.0.31903.59
MinimumVisualStudioVersion = 10.0.40219.1
Project("{FAE04EC0-301F-11D3-BF4B-00C04F79EFBC}") = "Calculadora", "Calculadora\Calculadora.csproj", "{B20FCEF9-39F0-4382-8E54-B8FAE844DC62}"
EndProject
Project("{FAE04EC0-301F-11D3-BF4B-00C04F79EFBC}") = "CalculadoraTestes", "CalculadoraTestes\CalculadoraTestes.csproj", "{5E41CC5B-BB55-467F-9DDC-6F1B6EBCFB28}"
EndProject
Global
	GlobalSection(SolutionConfigurationPlatforms) = preSolution
		Debug|Any CPU = Debug|Any CPU
		Release|Any CPU = Release|Any CPU
	EndGlobalSection
	GlobalSection(SolutionProperties) = preSolution
		HideSolutionNode = FALSE
	EndGlobalSection
	GlobalSection(ProjectConfigurationPlatforms) = postSolution
		{B20FCEF9-39F0-4382-8E54-B8FAE844DC62}.Debug|Any CPU.ActiveCfg = Debug|Any CPU
		{B20FCEF9-39F0-4382-8E54-B8FAE844DC62}.Debug|Any CPU.Build.0 = Debug|Any CPU
		{B20FCEF9-39F0-4382-8E54-B8FAE844DC62}.Release|Any CPU.ActiveCfg = Release|Any CPU
		{B20FCEF9-39F0-4382-8E54-B8FAE844DC62}.Release|Any CPU.Build.0 = Release|Any CPU
		{5E41CC5B-BB55-467F-9DDC-6F1B6EBCFB28}.Debug|Any CPU.ActiveCfg = Debug|Any CPU
		{5E41CC5B-BB55-467F-9DDC-6F1B6EBCFB28}.Debug|Any CPU.Build.0 = Debug|Any CPU
		{5E41CC5B-BB55-467F-9DDC-6F1B6EBCFB28}.Release|Any CPU.ActiveCfg = Release|Any CPU
		{5E41CC5B-BB55-467F-9DDC-6F1B6EBCFB28}.Release|Any CPU.Build.0 = Release|Any CPU
	EndGlobalSection
EndGlobal
